
Microsoft Visual Studio Solution File, Format Version 12.00
# Visual Studio Version 17
VisualStudioVersion = 17.0.31912.275
MinimumVisualStudioVersion = 10.0.40219.1
Project("{FAE04EC0-301F-11D3-BF4B-00C04F79EFBC}") = "AdventOfCode.Utilities", "AdventOfCode.Utilities\AdventOfCode.Utilities.csproj", "{A3BEBC99-675B-4C67-B64C-D79E78937336}"
EndProject
Global
	GlobalSection(SolutionConfigurationPlatforms) = preSolution
		Debug|Any CPU = Debug|Any CPU
		Release|Any CPU = Release|Any CPU
	EndGlobalSection
	GlobalSection(ProjectConfigurationPlatforms) = postSolution
		{A3BEBC99-675B-4C67-B64C-D79E78937336}.Debug|Any CPU.ActiveCfg = Debug|Any CPU
		{A3BEBC99-675B-4C67-B64C-D79E78937336}.Debug|Any CPU.Build.0 = Debug|Any CPU
		{A3BEBC99-675B-4C67-B64C-D79E78937336}.Release|Any CPU.ActiveCfg = Release|Any CPU
		{A3BEBC99-675B-4C67-B64C-D79E78937336}.Release|Any CPU.Build.0 = Release|Any CPU
	EndGlobalSection
	GlobalSection(SolutionProperties) = preSolution
		HideSolutionNode = FALSE
	EndGlobalSection
	GlobalSection(ExtensibilityGlobals) = postSolution
		SolutionGuid = {D8C05306-F204-4F1B-9D66-A5F9001313D4}
	EndGlobalSection
EndGlobal
