
Microsoft Visual Studio Solution File, Format Version 12.00
# Visual Studio Version 17
VisualStudioVersion = 17.0.31912.275
MinimumVisualStudioVersion = 10.0.40219.1
Project("{9A19103F-16F7-4668-BE54-9A1E7A4F7556}") = "AdventOfCode", "AdventOfCode\AdventOfCode.csproj", "{29203928-2F93-45AF-B210-9AA5A89BD619}"
EndProject
Project("{2150E333-8FDC-42A3-9474-1A3956D46DE8}") = "Solution Items", "Solution Items", "{E1A1E186-B330-4AE5-8A07-0666B9043BCF}"
	ProjectSection(SolutionItems) = preProject
		LICENSE = LICENSE
		README.md = README.md
	EndProjectSection
EndProject
Project("{FAE04EC0-301F-11D3-BF4B-00C04F79EFBC}") = "AdventOfCode.Tests", "AdventOfCode.Tests\AdventOfCode.Tests.csproj", "{B4EF1F47-DBE7-4634-ABD0-5753768D34AD}"
EndProject
Global
	GlobalSection(SolutionConfigurationPlatforms) = preSolution
		Debug|Any CPU = Debug|Any CPU
		Release|Any CPU = Release|Any CPU
	EndGlobalSection
	GlobalSection(ProjectConfigurationPlatforms) = postSolution
		{29203928-2F93-45AF-B210-9AA5A89BD619}.Debug|Any CPU.ActiveCfg = Debug|Any CPU
		{29203928-2F93-45AF-B210-9AA5A89BD619}.Debug|Any CPU.Build.0 = Debug|Any CPU
		{29203928-2F93-45AF-B210-9AA5A89BD619}.Release|Any CPU.ActiveCfg = Release|Any CPU
		{29203928-2F93-45AF-B210-9AA5A89BD619}.Release|Any CPU.Build.0 = Release|Any CPU
		{B4EF1F47-DBE7-4634-ABD0-5753768D34AD}.Debug|Any CPU.ActiveCfg = Debug|Any CPU
		{B4EF1F47-DBE7-4634-ABD0-5753768D34AD}.Debug|Any CPU.Build.0 = Debug|Any CPU
		{B4EF1F47-DBE7-4634-ABD0-5753768D34AD}.Release|Any CPU.ActiveCfg = Release|Any CPU
		{B4EF1F47-DBE7-4634-ABD0-5753768D34AD}.Release|Any CPU.Build.0 = Release|Any CPU
	EndGlobalSection
	GlobalSection(SolutionProperties) = preSolution
		HideSolutionNode = FALSE
	EndGlobalSection
	GlobalSection(ExtensibilityGlobals) = postSolution
		SolutionGuid = {D8C05306-F204-4F1B-9D66-A5F9001313D4}
	EndGlobalSection
EndGlobal
